# THIS IS AN AUTOGENERATED FILE. DO NOT EDIT THIS FILE DIRECTLY.
# yarn lockfile v1


jsc-android@^245459.0.0:
  version "245459.0.0"
  resolved "https://registry.yarnpkg.com/jsc-android/-/jsc-android-245459.0.0.tgz#e584258dd0b04c9159a27fb104cd5d491fd202c9"
  integrity sha512-wkjURqwaB1daNkDi2OYYbsLnIdC/lUM2nPXQKRs5pqEU9chDg435bjvo+LSaHotDENygHQDHe+ntUkkw2gwMtg==
